lockfileVersion: 5.4

specifiers:
  '@netless/webview-bridge': ^0.0.3
  '@types/uuid': ^7.0.3
  react-native-get-random-values: ^1.8.0
  react-native-webview: ^11.22.2
  typescript: ^4.7.3
  uuid: ^7.0.3

dependencies:
  '@netless/webview-bridge': 0.0.3_uuid@7.0.3
  react-native-get-random-values: 1.8.0
  react-native-webview: 11.22.2

devDependencies:
  '@types/uuid': 7.0.5
  typescript: 4.7.3
  uuid: 7.0.3

packages:

  /@netless/webview-bridge/0.0.3_uuid@7.0.3:
    resolution: {integrity: sha512-kSAJrgkn+bIrxOON8cvnLJeOXTFwHRODNgzz44Y2OswaA93bqJh3OM9X8EWiNGOdfzPvW5hcCeLDhkMQZLqFbQ==}
    peerDependencies:
      uuid: ^7.0.3
    dependencies:
      uuid: 7.0.3
    dev: false

  /@types/uuid/7.0.5:
    resolution: {integrity: sha512-hKB88y3YHL8oPOs/CNlaXtjWn93+Bs48sDQR37ZUqG2tLeCS7EA1cmnkKsuQsub9OKEB/y/Rw9zqJqqNSbqVlQ==}
    dev: true

  /escape-string-regexp/2.0.0:
    resolution: {integrity: sha512-UpzcLCXolUWcNu5HtVMHYdXJjArjsF9C0aNnquZYY4uW/Vu0miy5YoWvbV345HauVvcAUnpRuhMMcqTcGOY2+w==}
    engines: {node: '>=8'}
    dev: false

  /fast-base64-decode/1.0.0:
    resolution: {integrity: sha512-qwaScUgUGBYeDNRnbc/KyllVU88Jk1pRHPStuF/lO7B0/RTRLj7U0lkdTAutlBblY08rwZDff6tNU9cjv6j//Q==}
    dev: false

  /invariant/2.2.4:
    resolution: {integrity: sha512-phJfQVBuaJM5raOpJjSfkiD6BpbCE4Ns//LaXl6wGYtUBY83nWS6Rf9tXm2e8VaK60JEjYldbPif/A2B1C2gNA==}
    dependencies:
      loose-envify: 1.4.0
    dev: false

  /js-tokens/4.0.0:
    resolution: {integrity: sha512-RdJUflcE3cUzKiMqQgsCu06FPu9UdIJO0beYbPhHN4k6apgJtifcoCtT9bcxOpYBtpD2kCM6Sbzg4CausW/PKQ==}
    dev: false

  /loose-envify/1.4.0:
    resolution: {integrity: sha512-lyuxPGr/Wfhrlem2CL/UcnUc1zcqKAImBDzukY7Y5F/yQiNdko6+fRLevlw1HgMySw7f611UIY408EtxRSoK3Q==}
    hasBin: true
    dependencies:
      js-tokens: 4.0.0
    dev: false

  /react-native-get-random-values/1.8.0:
    resolution: {integrity: sha512-H/zghhun0T+UIJLmig3+ZuBCvF66rdbiWUfRSNS6kv5oDSpa1ZiVyvRWtuPesQpT8dXj+Bv7WJRQOUP+5TB1sA==}
    peerDependencies:
      react-native: '>=0.56'
    dependencies:
      fast-base64-decode: 1.0.0
    dev: false

  /react-native-webview/11.22.2:
    resolution: {integrity: sha512-bkstn3Vkf3JMrSE2R8xgIzgWu0c2+HAdiYJTo3xWcXN+LIAZFnn198s1QHcOFO7bfPObP4nSnIqzeQTiYjZYDA==}
    peerDependencies:
      react: '*'
      react-native: '*'
    dependencies:
      escape-string-regexp: 2.0.0
      invariant: 2.2.4
    dev: false

  /typescript/4.7.3:
    resolution: {integrity: sha512-WOkT3XYvrpXx4vMMqlD+8R8R37fZkjyLGlxavMc4iB8lrl8L0DeTcHbYgw/v0N/z9wAFsgBhcsF0ruoySS22mA==}
    engines: {node: '>=4.2.0'}
    hasBin: true
    dev: true

  /uuid/7.0.3:
    resolution: {integrity: sha512-DPSke0pXhTZgoF/d+WSt2QaKMCFSfx7QegxEWT+JOuHF5aWrKEn0G+ztjuJg/gG8/ItK+rbPCD/yNv8yyih6Cg==}
    hasBin: true
    dev: true
